
Microsoft Visual Studio Solution File, Format Version 12.00
# Visual Studio Version 16
VisualStudioVersion = 16.0.30804.86
MinimumVisualStudioVersion = 10.0.40219.1
Project("{FAE04EC0-301F-11D3-BF4B-00C04F79EFBC}") = "PaymentPage.Web", "PaymentPage\PaymentPage.Web.csproj", "{77F169CB-E24E-4D79-81B8-C9662F0D21AE}"
EndProject
Project("{FAE04EC0-301F-11D3-BF4B-00C04F79EFBC}") = "PaymentPage.DataServices", "PaymentPage.DataServices\PaymentPage.DataServices.csproj", "{A4D18669-C035-4E09-83B9-BCB9C2EB6F49}"
EndProject
Project("{FAE04EC0-301F-11D3-BF4B-00C04F79EFBC}") = "PaymentPage.BusinessServices", "PaymentPage.BusinessServices\PaymentPage.BusinessServices.csproj", "{9F179810-A343-4BA0-A138-E5106DBE0401}"
EndProject
Project("{FAE04EC0-301F-11D3-BF4B-00C04F79EFBC}") = "PaymentPage.Data", "PaymentPage.Data\PaymentPage.Data.csproj", "{1131B704-58B3-4728-9E7D-631671C39350}"
EndProject
Project("{FAE04EC0-301F-11D3-BF4B-00C04F79EFBC}") = "PaymentPage.Common", "PaymentPage.Common\PaymentPage.Common.csproj", "{0B9B7B9E-667C-464A-AD2F-C495F5C6B40D}"
EndProject
Global
	GlobalSection(SolutionConfigurationPlatforms) = preSolution
		Debug|Any CPU = Debug|Any CPU
		Release|Any CPU = Release|Any CPU
	EndGlobalSection
	GlobalSection(ProjectConfigurationPlatforms) = postSolution
		{77F169CB-E24E-4D79-81B8-C9662F0D21AE}.Debug|Any CPU.ActiveCfg = Debug|Any CPU
		{77F169CB-E24E-4D79-81B8-C9662F0D21AE}.Debug|Any CPU.Build.0 = Debug|Any CPU
		{77F169CB-E24E-4D79-81B8-C9662F0D21AE}.Release|Any CPU.ActiveCfg = Release|Any CPU
		{77F169CB-E24E-4D79-81B8-C9662F0D21AE}.Release|Any CPU.Build.0 = Release|Any CPU
		{A4D18669-C035-4E09-83B9-BCB9C2EB6F49}.Debug|Any CPU.ActiveCfg = Debug|Any CPU
		{A4D18669-C035-4E09-83B9-BCB9C2EB6F49}.Debug|Any CPU.Build.0 = Debug|Any CPU
		{A4D18669-C035-4E09-83B9-BCB9C2EB6F49}.Release|Any CPU.ActiveCfg = Release|Any CPU
		{A4D18669-C035-4E09-83B9-BCB9C2EB6F49}.Release|Any CPU.Build.0 = Release|Any CPU
		{9F179810-A343-4BA0-A138-E5106DBE0401}.Debug|Any CPU.ActiveCfg = Debug|Any CPU
		{9F179810-A343-4BA0-A138-E5106DBE0401}.Debug|Any CPU.Build.0 = Debug|Any CPU
		{9F179810-A343-4BA0-A138-E5106DBE0401}.Release|Any CPU.ActiveCfg = Release|Any CPU
		{9F179810-A343-4BA0-A138-E5106DBE0401}.Release|Any CPU.Build.0 = Release|Any CPU
		{1131B704-58B3-4728-9E7D-631671C39350}.Debug|Any CPU.ActiveCfg = Debug|Any CPU
		{1131B704-58B3-4728-9E7D-631671C39350}.Debug|Any CPU.Build.0 = Debug|Any CPU
		{1131B704-58B3-4728-9E7D-631671C39350}.Release|Any CPU.ActiveCfg = Release|Any CPU
		{1131B704-58B3-4728-9E7D-631671C39350}.Release|Any CPU.Build.0 = Release|Any CPU
		{0B9B7B9E-667C-464A-AD2F-C495F5C6B40D}.Debug|Any CPU.ActiveCfg = Debug|Any CPU
		{0B9B7B9E-667C-464A-AD2F-C495F5C6B40D}.Debug|Any CPU.Build.0 = Debug|Any CPU
		{0B9B7B9E-667C-464A-AD2F-C495F5C6B40D}.Release|Any CPU.ActiveCfg = Release|Any CPU
		{0B9B7B9E-667C-464A-AD2F-C495F5C6B40D}.Release|Any CPU.Build.0 = Release|Any CPU
	EndGlobalSection
	GlobalSection(SolutionProperties) = preSolution
		HideSolutionNode = FALSE
	EndGlobalSection
	GlobalSection(ExtensibilityGlobals) = postSolution
		SolutionGuid = {83E59A6E-EE01-4771-A0FD-B7F7793009D8}
	EndGlobalSection
EndGlobal
